// !$*UTF8*$!
{
	archiveVersion = 1;
	classes = {
	};
	objectVersion = 50;
	objects = {

/* Begin PBXBuildFile section */
		7B5E8EC125BD1E6700C03235 /* AddNewsViewController.swift in Sources */ = {isa = PBXBuildFile; fileRef = 7B5E8EC025BD1E6700C03235 /* AddNewsViewController.swift */; };
		7B5E8ECC25BDA70B00C03235 /* News.swift in Sources */ = {isa = PBXBuildFile; fileRef = 7B5E8ECB25BDA70B00C03235 /* News.swift */; };
		7B67536825BF09FB00C1D44F /* IndexPostCollectionViewCell.swift in Sources */ = {isa = PBXBuildFile; fileRef = 7B67536525BF09FA00C1D44F /* IndexPostCollectionViewCell.swift */; };
		7B67536E25BF11CA00C1D44F /* MessageViewController.swift in Sources */ = {isa = PBXBuildFile; fileRef = 7B67536D25BF11CA00C1D44F /* MessageViewController.swift */; };
		7B67537125BF121400C1D44F /* MessageCollectionViewCell.swift in Sources */ = {isa = PBXBuildFile; fileRef = 7B67537025BF121400C1D44F /* MessageCollectionViewCell.swift */; };
		7B67537625BF154800C1D44F /* WeViewController.swift in Sources */ = {isa = PBXBuildFile; fileRef = 7B67537525BF154800C1D44F /* WeViewController.swift */; };
		7B67537C25BFAFB300C1D44F /* WePostCollectionViewCell.swift in Sources */ = {isa = PBXBuildFile; fileRef = 7B67537B25BFAFB300C1D44F /* WePostCollectionViewCell.swift */; };
		7B67538125BFBA8500C1D44F /* MeViewController.swift in Sources */ = {isa = PBXBuildFile; fileRef = 7B67538025BFBA8500C1D44F /* MeViewController.swift */; };
		7B67539D25BFF37C00C1D44F /* GXBanner.swift in Sources */ = {isa = PBXBuildFile; fileRef = 7B67539A25BFF37A00C1D44F /* GXBanner.swift */; };
		7B67539E25BFF37C00C1D44F /* GXBannerFlowLayout.swift in Sources */ = {isa = PBXBuildFile; fileRef = 7B67539B25BFF37B00C1D44F /* GXBannerFlowLayout.swift */; };
		7B67539F25BFF37C00C1D44F /* GXBannerCell.swift in Sources */ = {isa = PBXBuildFile; fileRef = 7B67539C25BFF37B00C1D44F /* GXBannerCell.swift */; };
		7B6753A625BFF65E00C1D44F /* banner0.jpeg in Resources */ = {isa = PBXBuildFile; fileRef = 7B6753A325BFF65C00C1D44F /* banner0.jpeg */; };
		7B6753A725BFF65E00C1D44F /* banner2.jpeg in Resources */ = {isa = PBXBuildFile; fileRef = 7B6753A425BFF65C00C1D44F /* banner2.jpeg */; };
		7B6753A825BFF65E00C1D44F /* banner1.jpeg in Resources */ = {isa = PBXBuildFile; fileRef = 7B6753A525BFF65D00C1D44F /* banner1.jpeg */; };
		7B6753AB25BFF79D00C1D44F /* IndexViewController.swift in Sources */ = {isa = PBXBuildFile; fileRef = 7B6753AA25BFF79D00C1D44F /* IndexViewController.swift */; };
		7B6753AF25BFF7EB00C1D44F /* ButtonCollectionViewCell.swift in Sources */ = {isa = PBXBuildFile; fileRef = 7B6753AE25BFF7EB00C1D44F /* ButtonCollectionViewCell.swift */; };
		7B6753FD25C01C5200C1D44F /* PostDetailViewController.swift in Sources */ = {isa = PBXBuildFile; fileRef = 7B6753FC25C01C5100C1D44F /* PostDetailViewController.swift */; };
		7B67540025C01CC200C1D44F /* PostCommentCollectionViewCell.swift in Sources */ = {isa = PBXBuildFile; fileRef = 7B6753FF25C01CC200C1D44F /* PostCommentCollectionViewCell.swift */; };
		7BF219F625BDAE3B00CC401E /* NewsTableViewCell.swift in Sources */ = {isa = PBXBuildFile; fileRef = 7BF219F525BDAE3B00CC401E /* NewsTableViewCell.swift */; };
		7BF219F925BDB7B400CC401E /* NewsTableViewController.swift in Sources */ = {isa = PBXBuildFile; fileRef = 7BF219F825BDB7B400CC401E /* NewsTableViewController.swift */; };
		D059443C25BF4AE200BD068E /* Post.swift in Sources */ = {isa = PBXBuildFile; fileRef = D059443B25BF4AE200BD068E /* Post.swift */; };
		D059444825C043DD00BD068E /* Spot.swift in Sources */ = {isa = PBXBuildFile; fileRef = D059444725C043DD00BD068E /* Spot.swift */; };
		D0D22CFB25BBE426005DFE53 /* AppDelegate.swift in Sources */ = {isa = PBXBuildFile; fileRef = D0D22CFA25BBE426005DFE53 /* AppDelegate.swift */; };
		D0D22CFD25BBE426005DFE53 /* SceneDelegate.swift in Sources */ = {isa = PBXBuildFile; fileRef = D0D22CFC25BBE426005DFE53 /* SceneDelegate.swift */; };
		D0D22CFF25BBE426005DFE53 /* ViewController.swift in Sources */ = {isa = PBXBuildFile; fileRef = D0D22CFE25BBE426005DFE53 /* ViewController.swift */; };
		D0D22D0225BBE426005DFE53 /* Main.storyboard in Resources */ = {isa = PBXBuildFile; fileRef = D0D22D0025BBE426005DFE53 /* Main.storyboard */; };
		D0D22D0525BBE426005DFE53 /* Date10.xcdatamodeld in Sources */ = {isa = PBXBuildFile; fileRef = D0D22D0325BBE426005DFE53 /* Date10.xcdatamodeld */; };
		D0D22D0725BBE429005DFE53 /* Assets.xcassets in Resources */ = {isa = PBXBuildFile; fileRef = D0D22D0625BBE429005DFE53 /* Assets.xcassets */; };
		D0D22D0A25BBE429005DFE53 /* LaunchScreen.storyboard in Resources */ = {isa = PBXBuildFile; fileRef = D0D22D0825BBE429005DFE53 /* LaunchScreen.storyboard */; };
		D0D22D2725BDCE8E005DFE53 /* Message.swift in Sources */ = {isa = PBXBuildFile; fileRef = D0D22D2625BDCE8E005DFE53 /* Message.swift */; };
		D0D22D2B25BEAA0A005DFE53 /* Communication.swift in Sources */ = {isa = PBXBuildFile; fileRef = D0D22D2A25BEAA0A005DFE53 /* Communication.swift */; };
		D0D22D2F25BF1B4D005DFE53 /* Food.swift in Sources */ = {isa = PBXBuildFile; fileRef = D0D22D2E25BF1B4D005DFE53 /* Food.swift */; };
		D0D22D3225BF1D24005DFE53 /* Comment.swift in Sources */ = {isa = PBXBuildFile; fileRef = D0D22D3125BF1D24005DFE53 /* Comment.swift */; };
		D0D22D3825BF26CE005DFE53 /* User.swift in Sources */ = {isa = PBXBuildFile; fileRef = D0D22D3725BF26CE005DFE53 /* User.swift */; };
		D0D22D3B25BF26E5005DFE53 /* Couple.swift in Sources */ = {isa = PBXBuildFile; fileRef = D0D22D3A25BF26E5005DFE53 /* Couple.swift */; };
		D0D22D3F25BF289C005DFE53 /* DateUtil.swift in Sources */ = {isa = PBXBuildFile; fileRef = D0D22D3E25BF289C005DFE53 /* DateUtil.swift */; };
/* End PBXBuildFile section */

/* Begin PBXFileReference section */
		7B5E8EC025BD1E6700C03235 /* AddNewsViewController.swift */ = {isa = PBXFileReference; lastKnownFileType = sourcecode.swift; path = AddNewsViewController.swift; sourceTree = "<group>"; };
		7B5E8ECB25BDA70B00C03235 /* News.swift */ = {isa = PBXFileReference; lastKnownFileType = sourcecode.swift; path = News.swift; sourceTree = "<group>"; };
		7B67536525BF09FA00C1D44F /* IndexPostCollectionViewCell.swift */ = {isa = PBXFileReference; fileEncoding = 4; lastKnownFileType = sourcecode.swift; path = IndexPostCollectionViewCell.swift; sourceTree = "<group>"; };
		7B67536D25BF11CA00C1D44F /* MessageViewController.swift */ = {isa = PBXFileReference; lastKnownFileType = sourcecode.swift; path = MessageViewController.swift; sourceTree = "<group>"; };
		7B67537025BF121400C1D44F /* MessageCollectionViewCell.swift */ = {isa = PBXFileReference; lastKnownFileType = sourcecode.swift; path = MessageCollectionViewCell.swift; sourceTree = "<group>"; };
		7B67537525BF154800C1D44F /* WeViewController.swift */ = {isa = PBXFileReference; lastKnownFileType = sourcecode.swift; path = WeViewController.swift; sourceTree = "<group>"; };
		7B67537B25BFAFB300C1D44F /* WePostCollectionViewCell.swift */ = {isa = PBXFileReference; lastKnownFileType = sourcecode.swift; path = WePostCollectionViewCell.swift; sourceTree = "<group>"; };
		7B67538025BFBA8500C1D44F /* MeViewController.swift */ = {isa = PBXFileReference; lastKnownFileType = sourcecode.swift; path = MeViewController.swift; sourceTree = "<group>"; };
		7B67539A25BFF37A00C1D44F /* GXBanner.swift */ = {isa = PBXFileReference; fileEncoding = 4; lastKnownFileType = sourcecode.swift; path = GXBanner.swift; sourceTree = "<group>"; };
		7B67539B25BFF37B00C1D44F /* GXBannerFlowLayout.swift */ = {isa = PBXFileReference; fileEncoding = 4; lastKnownFileType = sourcecode.swift; path = GXBannerFlowLayout.swift; sourceTree = "<group>"; };
		7B67539C25BFF37B00C1D44F /* GXBannerCell.swift */ = {isa = PBXFileReference; fileEncoding = 4; lastKnownFileType = sourcecode.swift; path = GXBannerCell.swift; sourceTree = "<group>"; };
		7B6753A325BFF65C00C1D44F /* banner0.jpeg */ = {isa = PBXFileReference; lastKnownFileType = image.jpeg; path = banner0.jpeg; sourceTree = "<group>"; };
		7B6753A425BFF65C00C1D44F /* banner2.jpeg */ = {isa = PBXFileReference; lastKnownFileType = image.jpeg; path = banner2.jpeg; sourceTree = "<group>"; };
		7B6753A525BFF65D00C1D44F /* banner1.jpeg */ = {isa = PBXFileReference; lastKnownFileType = image.jpeg; path = banner1.jpeg; sourceTree = "<group>"; };
		7B6753AA25BFF79D00C1D44F /* IndexViewController.swift */ = {isa = PBXFileReference; fileEncoding = 4; lastKnownFileType = sourcecode.swift; path = IndexViewController.swift; sourceTree = "<group>"; };
		7B6753AE25BFF7EB00C1D44F /* ButtonCollectionViewCell.swift */ = {isa = PBXFileReference; fileEncoding = 4; lastKnownFileType = sourcecode.swift; path = ButtonCollectionViewCell.swift; sourceTree = "<group>"; };
		7B6753FC25C01C5100C1D44F /* PostDetailViewController.swift */ = {isa = PBXFileReference; fileEncoding = 4; lastKnownFileType = sourcecode.swift; path = PostDetailViewController.swift; sourceTree = "<group>"; };
		7B6753FF25C01CC200C1D44F /* PostCommentCollectionViewCell.swift */ = {isa = PBXFileReference; lastKnownFileType = sourcecode.swift; path = PostCommentCollectionViewCell.swift; sourceTree = "<group>"; };
		7BF219F525BDAE3B00CC401E /* NewsTableViewCell.swift */ = {isa = PBXFileReference; lastKnownFileType = sourcecode.swift; path = NewsTableViewCell.swift; sourceTree = "<group>"; };
		7BF219F825BDB7B400CC401E /* NewsTableViewController.swift */ = {isa = PBXFileReference; lastKnownFileType = sourcecode.swift; path = NewsTableViewController.swift; sourceTree = "<group>"; };
		D059443B25BF4AE200BD068E /* Post.swift */ = {isa = PBXFileReference; lastKnownFileType = sourcecode.swift; path = Post.swift; sourceTree = "<group>"; };
		D059444725C043DD00BD068E /* Spot.swift */ = {isa = PBXFileReference; lastKnownFileType = sourcecode.swift; path = Spot.swift; sourceTree = "<group>"; };
		D0D22CF725BBE426005DFE53 /* Date10.app */ = {isa = PBXFileReference; explicitFileType = wrapper.application; includeInIndex = 0; path = Date10.app; sourceTree = BUILT_PRODUCTS_DIR; };
		D0D22CFA25BBE426005DFE53 /* AppDelegate.swift */ = {isa = PBXFileReference; lastKnownFileType = sourcecode.swift; path = AppDelegate.swift; sourceTree = "<group>"; };
		D0D22CFC25BBE426005DFE53 /* SceneDelegate.swift */ = {isa = PBXFileReference; lastKnownFileType = sourcecode.swift; path = SceneDelegate.swift; sourceTree = "<group>"; };
		D0D22CFE25BBE426005DFE53 /* ViewController.swift */ = {isa = PBXFileReference; lastKnownFileType = sourcecode.swift; path = ViewController.swift; sourceTree = "<group>"; };
		D0D22D0125BBE426005DFE53 /* Base */ = {isa = PBXFileReference; lastKnownFileType = file.storyboard; name = Base; path = Base.lproj/Main.storyboard; sourceTree = "<group>"; };
		D0D22D0425BBE426005DFE53 /* Date10.xcdatamodel */ = {isa = PBXFileReference; lastKnownFileType = wrapper.xcdatamodel; path = Date10.xcdatamodel; sourceTree = "<group>"; };
		D0D22D0625BBE429005DFE53 /* Assets.xcassets */ = {isa = PBXFileReference; lastKnownFileType = folder.assetcatalog; path = Assets.xcassets; sourceTree = "<group>"; };
		D0D22D0925BBE429005DFE53 /* Base */ = {isa = PBXFileReference; lastKnownFileType = file.storyboard; name = Base; path = Base.lproj/LaunchScreen.storyboard; sourceTree = "<group>"; };
		D0D22D0B25BBE429005DFE53 /* Info.plist */ = {isa = PBXFileReference; lastKnownFileType = text.plist.xml; path = Info.plist; sourceTree = "<group>"; };
		D0D22D2625BDCE8E005DFE53 /* Message.swift */ = {isa = PBXFileReference; lastKnownFileType = sourcecode.swift; path = Message.swift; sourceTree = "<group>"; };
		D0D22D2A25BEAA0A005DFE53 /* Communication.swift */ = {isa = PBXFileReference; lastKnownFileType = sourcecode.swift; path = Communication.swift; sourceTree = "<group>"; };
		D0D22D2E25BF1B4D005DFE53 /* Food.swift */ = {isa = PBXFileReference; lastKnownFileType = sourcecode.swift; path = Food.swift; sourceTree = "<group>"; };
		D0D22D3125BF1D24005DFE53 /* Comment.swift */ = {isa = PBXFileReference; lastKnownFileType = sourcecode.swift; path = Comment.swift; sourceTree = "<group>"; };
		D0D22D3725BF26CE005DFE53 /* User.swift */ = {isa = PBXFileReference; lastKnownFileType = sourcecode.swift; path = User.swift; sourceTree = "<group>"; };
		D0D22D3A25BF26E5005DFE53 /* Couple.swift */ = {isa = PBXFileReference; lastKnownFileType = sourcecode.swift; path = Couple.swift; sourceTree = "<group>"; };
		D0D22D3E25BF289C005DFE53 /* DateUtil.swift */ = {isa = PBXFileReference; lastKnownFileType = sourcecode.swift; path = DateUtil.swift; sourceTree = "<group>"; };
/* End PBXFileReference section */

/* Begin PBXFrameworksBuildPhase section */
		D0D22CF425BBE426005DFE53 /* Frameworks */ = {
			isa = PBXFrameworksBuildPhase;
			buildActionMask = 2147483647;
			files = (
			);
			runOnlyForDeploymentPostprocessing = 0;
		};
/* End PBXFrameworksBuildPhase section */

/* Begin PBXGroup section */
		7B67535925BF077600C1D44F /* 首页 */ = {
			isa = PBXGroup;
			children = (
				7B67538425BFCAB100C1D44F /* 美食 */,
				7B6753AE25BFF7EB00C1D44F /* ButtonCollectionViewCell.swift */,
				7B6753AA25BFF79D00C1D44F /* IndexViewController.swift */,
				7B67536525BF09FA00C1D44F /* IndexPostCollectionViewCell.swift */,
			);
			path = "首页";
			sourceTree = "<group>";
		};
		7B67536C25BF118D00C1D44F /* 消息 */ = {
			isa = PBXGroup;
			children = (
				7B67536D25BF11CA00C1D44F /* MessageViewController.swift */,
				7B67537025BF121400C1D44F /* MessageCollectionViewCell.swift */,
			);
			path = "消息";
			sourceTree = "<group>";
		};
		7B67537325BF138D00C1D44F /* 我们 */ = {
			isa = PBXGroup;
			children = (
				7B67537525BF154800C1D44F /* WeViewController.swift */,
				7B67537B25BFAFB300C1D44F /* WePostCollectionViewCell.swift */,
			);
			path = "我们";
			sourceTree = "<group>";
		};
		7B67537E25BFBA3600C1D44F /* 我 */ = {
			isa = PBXGroup;
			children = (
				7B67538025BFBA8500C1D44F /* MeViewController.swift */,
			);
			path = "我";
			sourceTree = "<group>";
		};
		7B67538425BFCAB100C1D44F /* 美食 */ = {
			isa = PBXGroup;
			children = (
			);
			path = "美食";
			sourceTree = "<group>";
		};
		7B67539825BFF2B700C1D44F /* GXBanner */ = {
			isa = PBXGroup;
			children = (
				7B67539A25BFF37A00C1D44F /* GXBanner.swift */,
				7B67539B25BFF37B00C1D44F /* GXBannerFlowLayout.swift */,
				7B67539C25BFF37B00C1D44F /* GXBannerCell.swift */,
			);
			path = GXBanner;
			sourceTree = "<group>";
		};
		7B6753A225BFF60400C1D44F /* images */ = {
			isa = PBXGroup;
			children = (
				7B6753A325BFF65C00C1D44F /* banner0.jpeg */,
				7B6753A525BFF65D00C1D44F /* banner1.jpeg */,
				7B6753A425BFF65C00C1D44F /* banner2.jpeg */,
			);
			path = images;
			sourceTree = "<group>";
		};
		7B6753F925C01BED00C1D44F /* 动态详情 */ = {
			isa = PBXGroup;
			children = (
				7B6753FC25C01C5100C1D44F /* PostDetailViewController.swift */,
				7B6753FF25C01CC200C1D44F /* PostCommentCollectionViewCell.swift */,
			);
			path = "动态详情";
			sourceTree = "<group>";
		};
		D0D22CEE25BBE426005DFE53 = {
			isa = PBXGroup;
			children = (
				D0D22CF925BBE426005DFE53 /* Date10 */,
				D0D22CF825BBE426005DFE53 /* Products */,
			);
			sourceTree = "<group>";
		};
		D0D22CF825BBE426005DFE53 /* Products */ = {
			isa = PBXGroup;
			children = (
				D0D22CF725BBE426005DFE53 /* Date10.app */,
			);
			name = Products;
			sourceTree = "<group>";
		};
		D0D22CF925BBE426005DFE53 /* Date10 */ = {
			isa = PBXGroup;
			children = (
				7B6753A225BFF60400C1D44F /* images */,
				D0D22D3D25BF2862005DFE53 /* utils */,
				D0D22D3525BF1D6F005DFE53 /* DataModal */,
				7B67535925BF077600C1D44F /* 首页 */,
				7B67536C25BF118D00C1D44F /* 消息 */,
				7B67537325BF138D00C1D44F /* 我们 */,
				7B67537E25BFBA3600C1D44F /* 我 */,
				7B6753F925C01BED00C1D44F /* 动态详情 */,
				D0D22CFA25BBE426005DFE53 /* AppDelegate.swift */,
				D0D22CFC25BBE426005DFE53 /* SceneDelegate.swift */,
				D0D22CFE25BBE426005DFE53 /* ViewController.swift */,
				D0D22D0025BBE426005DFE53 /* Main.storyboard */,
				7BF219F825BDB7B400CC401E /* NewsTableViewController.swift */,
				7BF219F525BDAE3B00CC401E /* NewsTableViewCell.swift */,
				7B5E8EC025BD1E6700C03235 /* AddNewsViewController.swift */,
				D0D22D0625BBE429005DFE53 /* Assets.xcassets */,
				D0D22D0825BBE429005DFE53 /* LaunchScreen.storyboard */,
				D0D22D0B25BBE429005DFE53 /* Info.plist */,
				D0D22D0325BBE426005DFE53 /* Date10.xcdatamodeld */,
			);
			path = Date10;
			sourceTree = "<group>";
		};
		D0D22D3525BF1D6F005DFE53 /* DataModal */ = {
			isa = PBXGroup;
			children = (
				D0D22D2625BDCE8E005DFE53 /* Message.swift */,
				D0D22D3125BF1D24005DFE53 /* Comment.swift */,
				D0D22D2A25BEAA0A005DFE53 /* Communication.swift */,
				D0D22D2E25BF1B4D005DFE53 /* Food.swift */,
				7B5E8ECB25BDA70B00C03235 /* News.swift */,
				D0D22D3725BF26CE005DFE53 /* User.swift */,
				D0D22D3A25BF26E5005DFE53 /* Couple.swift */,
				D059443B25BF4AE200BD068E /* Post.swift */,
				D059444725C043DD00BD068E /* Spot.swift */,
			);
			path = DataModal;
			sourceTree = "<group>";
		};
		D0D22D3D25BF2862005DFE53 /* utils */ = {
			isa = PBXGroup;
			children = (
				7B67539825BFF2B700C1D44F /* GXBanner */,
				D0D22D3E25BF289C005DFE53 /* DateUtil.swift */,
			);
			path = utils;
			sourceTree = "<group>";
		};
/* End PBXGroup section */

/* Begin PBXNativeTarget section */
		D0D22CF625BBE426005DFE53 /* Date10 */ = {
			isa = PBXNativeTarget;
			buildConfigurationList = D0D22D0E25BBE429005DFE53 /* Build configuration list for PBXNativeTarget "Date10" */;
			buildPhases = (
				D0D22CF325BBE426005DFE53 /* Sources */,
				D0D22CF425BBE426005DFE53 /* Frameworks */,
				D0D22CF525BBE426005DFE53 /* Resources */,
			);
			buildRules = (
			);
			dependencies = (
			);
			name = Date10;
			productName = Date10;
			productReference = D0D22CF725BBE426005DFE53 /* Date10.app */;
			productType = "com.apple.product-type.application";
		};
/* End PBXNativeTarget section */

/* Begin PBXProject section */
		D0D22CEF25BBE426005DFE53 /* Project object */ = {
			isa = PBXProject;
			attributes = {
				LastSwiftUpdateCheck = 1230;
				LastUpgradeCheck = 1230;
				TargetAttributes = {
					D0D22CF625BBE426005DFE53 = {
						CreatedOnToolsVersion = 12.3;
					};
				};
			};
			buildConfigurationList = D0D22CF225BBE426005DFE53 /* Build configuration list for PBXProject "Date10" */;
			compatibilityVersion = "Xcode 9.3";
			developmentRegion = en;
			hasScannedForEncodings = 0;
			knownRegions = (
				en,
				Base,
			);
			mainGroup = D0D22CEE25BBE426005DFE53;
			productRefGroup = D0D22CF825BBE426005DFE53 /* Products */;
			projectDirPath = "";
			projectRoot = "";
			targets = (
				D0D22CF625BBE426005DFE53 /* Date10 */,
			);
		};
/* End PBXProject section */

/* Begin PBXResourcesBuildPhase section */
		D0D22CF525BBE426005DFE53 /* Resources */ = {
			isa = PBXResourcesBuildPhase;
			buildActionMask = 2147483647;
			files = (
				D0D22D0A25BBE429005DFE53 /* LaunchScreen.storyboard in Resources */,
				7B6753A825BFF65E00C1D44F /* banner1.jpeg in Resources */,
				7B6753A725BFF65E00C1D44F /* banner2.jpeg in Resources */,
				D0D22D0725BBE429005DFE53 /* Assets.xcassets in Resources */,
				7B6753A625BFF65E00C1D44F /* banner0.jpeg in Resources */,
				D0D22D0225BBE426005DFE53 /* Main.storyboard in Resources */,
			);
			runOnlyForDeploymentPostprocessing = 0;
		};
/* End PBXResourcesBuildPhase section */

/* Begin PBXSourcesBuildPhase section */
		D0D22CF325BBE426005DFE53 /* Sources */ = {
			isa = PBXSourcesBuildPhase;
			buildActionMask = 2147483647;
			files = (
				7B5E8ECC25BDA70B00C03235 /* News.swift in Sources */,
				7B6753FD25C01C5200C1D44F /* PostDetailViewController.swift in Sources */,
				7B67536825BF09FB00C1D44F /* IndexPostCollectionViewCell.swift in Sources */,
				7BF219F625BDAE3B00CC401E /* NewsTableViewCell.swift in Sources */,
				D0D22D2F25BF1B4D005DFE53 /* Food.swift in Sources */,
				D0D22D3F25BF289C005DFE53 /* DateUtil.swift in Sources */,
				D0D22D3B25BF26E5005DFE53 /* Couple.swift in Sources */,
				D059444825C043DD00BD068E /* Spot.swift in Sources */,
				D0D22CFF25BBE426005DFE53 /* ViewController.swift in Sources */,
				7B67536E25BF11CA00C1D44F /* MessageViewController.swift in Sources */,
				D0D22CFB25BBE426005DFE53 /* AppDelegate.swift in Sources */,
				7B67537125BF121400C1D44F /* MessageCollectionViewCell.swift in Sources */,
				7B67539F25BFF37C00C1D44F /* GXBannerCell.swift in Sources */,
				7B67539E25BFF37C00C1D44F /* GXBannerFlowLayout.swift in Sources */,
				7B67540025C01CC200C1D44F /* PostCommentCollectionViewCell.swift in Sources */,
				7B6753AF25BFF7EB00C1D44F /* ButtonCollectionViewCell.swift in Sources */,
				7B67538125BFBA8500C1D44F /* MeViewController.swift in Sources */,
				7B67537C25BFAFB300C1D44F /* WePostCollectionViewCell.swift in Sources */,
				7BF219F925BDB7B400CC401E /* NewsTableViewController.swift in Sources */,
				7B67537625BF154800C1D44F /* WeViewController.swift in Sources */,
				7B5E8EC125BD1E6700C03235 /* AddNewsViewController.swift in Sources */,
				D0D22D3825BF26CE005DFE53 /* User.swift in Sources */,
				D0D22D2725BDCE8E005DFE53 /* Message.swift in Sources */,
				7B6753AB25BFF79D00C1D44F /* IndexViewController.swift in Sources */,
				D0D22D0525BBE426005DFE53 /* Date10.xcdatamodeld in Sources */,
				D0D22CFD25BBE426005DFE53 /* SceneDelegate.swift in Sources */,
				D0D22D3225BF1D24005DFE53 /* Comment.swift in Sources */,
				D0D22D2B25BEAA0A005DFE53 /* Communication.swift in Sources */,
				7B67539D25BFF37C00C1D44F /* GXBanner.swift in Sources */,
				D059443C25BF4AE200BD068E /* Post.swift in Sources */,
			);
			runOnlyForDeploymentPostprocessing = 0;
		};
/* End PBXSourcesBuildPhase section */

/* Begin PBXVariantGroup section */
		D0D22D0025BBE426005DFE53 /* Main.storyboard */ = {
			isa = PBXVariantGroup;
			children = (
				D0D22D0125BBE426005DFE53 /* Base */,
			);
			name = Main.storyboard;
			sourceTree = "<group>";
		};
		D0D22D0825BBE429005DFE53 /* LaunchScreen.storyboard */ = {
			isa = PBXVariantGroup;
			children = (
				D0D22D0925BBE429005DFE53 /* Base */,
			);
			name = LaunchScreen.storyboard;
			sourceTree = "<group>";
		};
/* End PBXVariantGroup section */

/* Begin XCBuildConfiguration section */
		D0D22D0C25BBE429005DFE53 /* Debug */ = {
			isa = XCBuildConfiguration;
			buildSettings = {
				ALWAYS_SEARCH_USER_PATHS = NO;
				CLANG_ANALYZER_NONNULL = YES;
				CLANG_ANALYZER_NUMBER_OBJECT_CONVERSION = YES_AGGRESSIVE;
				CLANG_CXX_LANGUAGE_STANDARD = "gnu++14";
				CLANG_CXX_LIBRARY = "libc++";
				CLANG_ENABLE_MODULES = YES;
				CLANG_ENABLE_OBJC_ARC = YES;
				CLANG_ENABLE_OBJC_WEAK = YES;
				CLANG_WARN_BLOCK_CAPTURE_AUTORELEASING = YES;
				CLANG_WARN_BOOL_CONVERSION = YES;
				CLANG_WARN_COMMA = YES;
				CLANG_WARN_CONSTANT_CONVERSION = YES;
				CLANG_WARN_DEPRECATED_OBJC_IMPLEMENTATIONS = YES;
				CLANG_WARN_DIRECT_OBJC_ISA_USAGE = YES_ERROR;
				CLANG_WARN_DOCUMENTATION_COMMENTS = YES;
				CLANG_WARN_EMPTY_BODY = YES;
				CLANG_WARN_ENUM_CONVERSION = YES;
				CLANG_WARN_INFINITE_RECURSION = YES;
				CLANG_WARN_INT_CONVERSION = YES;
				CLANG_WARN_NON_LITERAL_NULL_CONVERSION = YES;
				CLANG_WARN_OBJC_IMPLICIT_RETAIN_SELF = YES;
				CLANG_WARN_OBJC_LITERAL_CONVERSION = YES;
				CLANG_WARN_OBJC_ROOT_CLASS = YES_ERROR;
				CLANG_WARN_QUOTED_INCLUDE_IN_FRAMEWORK_HEADER = YES;
				CLANG_WARN_RANGE_LOOP_ANALYSIS = YES;
				CLANG_WARN_STRICT_PROTOTYPES = YES;
				CLANG_WARN_SUSPICIOUS_MOVE = YES;
				CLANG_WARN_UNGUARDED_AVAILABILITY = YES_AGGRESSIVE;
				CLANG_WARN_UNREACHABLE_CODE = YES;
				CLANG_WARN__DUPLICATE_METHOD_MATCH = YES;
				COPY_PHASE_STRIP = NO;
				DEBUG_INFORMATION_FORMAT = dwarf;
				ENABLE_STRICT_OBJC_MSGSEND = YES;
				ENABLE_TESTABILITY = YES;
				GCC_C_LANGUAGE_STANDARD = gnu11;
				GCC_DYNAMIC_NO_PIC = NO;
				GCC_NO_COMMON_BLOCKS = YES;
				GCC_OPTIMIZATION_LEVEL = 0;
				GCC_PREPROCESSOR_DEFINITIONS = (
					"DEBUG=1",
					"$(inherited)",
				);
				GCC_WARN_64_TO_32_BIT_CONVERSION = YES;
				GCC_WARN_ABOUT_RETURN_TYPE = YES_ERROR;
				GCC_WARN_UNDECLARED_SELECTOR = YES;
				GCC_WARN_UNINITIALIZED_AUTOS = YES_AGGRESSIVE;
				GCC_WARN_UNUSED_FUNCTION = YES;
				GCC_WARN_UNUSED_VARIABLE = YES;
				IPHONEOS_DEPLOYMENT_TARGET = 14.3;
				MTL_ENABLE_DEBUG_INFO = INCLUDE_SOURCE;
				MTL_FAST_MATH = YES;
				ONLY_ACTIVE_ARCH = YES;
				SDKROOT = iphoneos;
				SWIFT_ACTIVE_COMPILATION_CONDITIONS = DEBUG;
				SWIFT_OPTIMIZATION_LEVEL = "-Onone";
			};
			name = Debug;
		};
		D0D22D0D25BBE429005DFE53 /* Release */ = {
			isa = XCBuildConfiguration;
			buildSettings = {
				ALWAYS_SEARCH_USER_PATHS = NO;
				CLANG_ANALYZER_NONNULL = YES;
				CLANG_ANALYZER_NUMBER_OBJECT_CONVERSION = YES_AGGRESSIVE;
				CLANG_CXX_LANGUAGE_STANDARD = "gnu++14";
				CLANG_CXX_LIBRARY = "libc++";
				CLANG_ENABLE_MODULES = YES;
				CLANG_ENABLE_OBJC_ARC = YES;
				CLANG_ENABLE_OBJC_WEAK = YES;
				CLANG_WARN_BLOCK_CAPTURE_AUTORELEASING = YES;
				CLANG_WARN_BOOL_CONVERSION = YES;
				CLANG_WARN_COMMA = YES;
				CLANG_WARN_CONSTANT_CONVERSION = YES;
				CLANG_WARN_DEPRECATED_OBJC_IMPLEMENTATIONS = YES;
				CLANG_WARN_DIRECT_OBJC_ISA_USAGE = YES_ERROR;
				CLANG_WARN_DOCUMENTATION_COMMENTS = YES;
				CLANG_WARN_EMPTY_BODY = YES;
				CLANG_WARN_ENUM_CONVERSION = YES;
				CLANG_WARN_INFINITE_RECURSION = YES;
				CLANG_WARN_INT_CONVERSION = YES;
				CLANG_WARN_NON_LITERAL_NULL_CONVERSION = YES;
				CLANG_WARN_OBJC_IMPLICIT_RETAIN_SELF = YES;
				CLANG_WARN_OBJC_LITERAL_CONVERSION = YES;
				CLANG_WARN_OBJC_ROOT_CLASS = YES_ERROR;
				CLANG_WARN_QUOTED_INCLUDE_IN_FRAMEWORK_HEADER = YES;
				CLANG_WARN_RANGE_LOOP_ANALYSIS = YES;
				CLANG_WARN_STRICT_PROTOTYPES = YES;
				CLANG_WARN_SUSPICIOUS_MOVE = YES;
				CLANG_WARN_UNGUARDED_AVAILABILITY = YES_AGGRESSIVE;
				CLANG_WARN_UNREACHABLE_CODE = YES;
				CLANG_WARN__DUPLICATE_METHOD_MATCH = YES;
				COPY_PHASE_STRIP = NO;
				DEBUG_INFORMATION_FORMAT = "dwarf-with-dsym";
				ENABLE_NS_ASSERTIONS = NO;
				ENABLE_STRICT_OBJC_MSGSEND = YES;
				GCC_C_LANGUAGE_STANDARD = gnu11;
				GCC_NO_COMMON_BLOCKS = YES;
				GCC_WARN_64_TO_32_BIT_CONVERSION = YES;
				GCC_WARN_ABOUT_RETURN_TYPE = YES_ERROR;
				GCC_WARN_UNDECLARED_SELECTOR = YES;
				GCC_WARN_UNINITIALIZED_AUTOS = YES_AGGRESSIVE;
				GCC_WARN_UNUSED_FUNCTION = YES;
				GCC_WARN_UNUSED_VARIABLE = YES;
				IPHONEOS_DEPLOYMENT_TARGET = 14.3;
				MTL_ENABLE_DEBUG_INFO = NO;
				MTL_FAST_MATH = YES;
				SDKROOT = iphoneos;
				SWIFT_COMPILATION_MODE = wholemodule;
				SWIFT_OPTIMIZATION_LEVEL = "-O";
				VALIDATE_PRODUCT = YES;
			};
			name = Release;
		};
		D0D22D0F25BBE429005DFE53 /* Debug */ = {
			isa = XCBuildConfiguration;
			buildSettings = {
				ASSETCATALOG_COMPILER_APPICON_NAME = AppIcon;
				ASSETCATALOG_COMPILER_GLOBAL_ACCENT_COLOR_NAME = AccentColor;
				CODE_SIGN_STYLE = Automatic;
				DEVELOPMENT_TEAM = UG9QKS47U2;
				INFOPLIST_FILE = Date10/Info.plist;
				LD_RUNPATH_SEARCH_PATHS = (
					"$(inherited)",
					"@executable_path/Frameworks",
				);
				PRODUCT_BUNDLE_IDENTIFIER = nju.ios315.Date10;
				PRODUCT_NAME = "$(TARGET_NAME)";
				SWIFT_VERSION = 5.0;
				TARGETED_DEVICE_FAMILY = "1,2";
			};
			name = Debug;
		};
		D0D22D1025BBE429005DFE53 /* Release */ = {
			isa = XCBuildConfiguration;
			buildSettings = {
				ASSETCATALOG_COMPILER_APPICON_NAME = AppIcon;
				ASSETCATALOG_COMPILER_GLOBAL_ACCENT_COLOR_NAME = AccentColor;
				CODE_SIGN_STYLE = Automatic;
				DEVELOPMENT_TEAM = UG9QKS47U2;
				INFOPLIST_FILE = Date10/Info.plist;
				LD_RUNPATH_SEARCH_PATHS = (
					"$(inherited)",
					"@executable_path/Frameworks",
				);
				PRODUCT_BUNDLE_IDENTIFIER = nju.ios315.Date10;
				PRODUCT_NAME = "$(TARGET_NAME)";
				SWIFT_VERSION = 5.0;
				TARGETED_DEVICE_FAMILY = "1,2";
			};
			name = Release;
		};
/* End XCBuildConfiguration section */

/* Begin XCConfigurationList section */
		D0D22CF225BBE426005DFE53 /* Build configuration list for PBXProject "Date10" */ = {
			isa = XCConfigurationList;
			buildConfigurations = (
				D0D22D0C25BBE429005DFE53 /* Debug */,
				D0D22D0D25BBE429005DFE53 /* Release */,
			);
			defaultConfigurationIsVisible = 0;
			defaultConfigurationName = Release;
		};
		D0D22D0E25BBE429005DFE53 /* Build configuration list for PBXNativeTarget "Date10" */ = {
			isa = XCConfigurationList;
			buildConfigurations = (
				D0D22D0F25BBE429005DFE53 /* Debug */,
				D0D22D1025BBE429005DFE53 /* Release */,
			);
			defaultConfigurationIsVisible = 0;
			defaultConfigurationName = Release;
		};
/* End XCConfigurationList section */

/* Begin XCVersionGroup section */
		D0D22D0325BBE426005DFE53 /* Date10.xcdatamodeld */ = {
			isa = XCVersionGroup;
			children = (
				D0D22D0425BBE426005DFE53 /* Date10.xcdatamodel */,
			);
			currentVersion = D0D22D0425BBE426005DFE53 /* Date10.xcdatamodel */;
			path = Date10.xcdatamodeld;
			sourceTree = "<group>";
			versionGroupType = wrapper.xcdatamodel;
		};
/* End XCVersionGroup section */
	};
	rootObject = D0D22CEF25BBE426005DFE53 /* Project object */;
}
